
Microsoft Visual Studio Solution File, Format Version 11.00
# Visual Studio 2010
Project("{FAE04EC0-301F-11D3-BF4B-00C04F79EFBC}") = "KlasePodataka", "KlasePodataka\KlasePodataka.csproj", "{AD0F4212-2425-4CA2-B575-4C7DE3B4EB03}"
EndProject
Global
	GlobalSection(SolutionConfigurationPlatforms) = preSolution
		Debug|Any CPU = Debug|Any CPU
		Release|Any CPU = Release|Any CPU
	EndGlobalSection
	GlobalSection(ProjectConfigurationPlatforms) = postSolution
		{AD0F4212-2425-4CA2-B575-4C7DE3B4EB03}.Debug|Any CPU.ActiveCfg = Debug|Any CPU
		{AD0F4212-2425-4CA2-B575-4C7DE3B4EB03}.Debug|Any CPU.Build.0 = Debug|Any CPU
		{AD0F4212-2425-4CA2-B575-4C7DE3B4EB03}.Release|Any CPU.ActiveCfg = Release|Any CPU
		{AD0F4212-2425-4CA2-B575-4C7DE3B4EB03}.Release|Any CPU.Build.0 = Release|Any CPU
	EndGlobalSection
	GlobalSection(SolutionProperties) = preSolution
		HideSolutionNode = FALSE
	EndGlobalSection
EndGlobal
